
Microsoft Visual Studio Solution File, Format Version 12.00
# Visual Studio Version 16
VisualStudioVersion = 16.0.32428.217
MinimumVisualStudioVersion = 10.0.40219.1
Project("{FAE04EC0-301F-11D3-BF4B-00C04F79EFBC}") = "Web410919166", "Web410919166\Web410919166.csproj", "{28BC4B36-059F-40C6-9406-9A5F28E65DEF}"
EndProject
Global
	GlobalSection(SolutionConfigurationPlatforms) = preSolution
		Debug|Any CPU = Debug|Any CPU
		Release|Any CPU = Release|Any CPU
	EndGlobalSection
	GlobalSection(ProjectConfigurationPlatforms) = postSolution
		{28BC4B36-059F-40C6-9406-9A5F28E65DEF}.Debug|Any CPU.ActiveCfg = Debug|Any CPU
		{28BC4B36-059F-40C6-9406-9A5F28E65DEF}.Debug|Any CPU.Build.0 = Debug|Any CPU
		{28BC4B36-059F-40C6-9406-9A5F28E65DEF}.Release|Any CPU.ActiveCfg = Release|Any CPU
		{28BC4B36-059F-40C6-9406-9A5F28E65DEF}.Release|Any CPU.Build.0 = Release|Any CPU
	EndGlobalSection
	GlobalSection(SolutionProperties) = preSolution
		HideSolutionNode = FALSE
	EndGlobalSection
	GlobalSection(ExtensibilityGlobals) = postSolution
		SolutionGuid = {0CF26B20-445B-4D39-A418-64498BFCE5C3}
	EndGlobalSection
EndGlobal
